
Microsoft Visual Studio Solution File, Format Version 12.00
# Visual Studio 15
VisualStudioVersion = 15.0.28010.2036
MinimumVisualStudioVersion = 10.0.40219.1
Project("{FAE04EC0-301F-11D3-BF4B-00C04F79EFBC}") = "LCCDS.Csharp.Web", "LCCDS.Csharp.Web\LCCDS.Csharp.Web.csproj", "{8D29ADF4-64EA-4AEA-9131-A525686BFC29}"
EndProject
Project("{FAE04EC0-301F-11D3-BF4B-00C04F79EFBC}") = "LCCDS.Csharp.Dominio", "LCCDS.Csharp.Dominio\LCCDS.Csharp.Dominio.csproj", "{E79BC828-AD09-4E67-8FED-17A3AAF7C44F}"
EndProject
Project("{FAE04EC0-301F-11D3-BF4B-00C04F79EFBC}") = "LCCDS.Csharp.Infra.Data", "LCCDS.Csharp.Infra.Data\LCCDS.Csharp.Infra.Data.csproj", "{BB74E311-8816-40B4-BEB7-809E44099E66}"
EndProject
Global
	GlobalSection(SolutionConfigurationPlatforms) = preSolution
		Debug|Any CPU = Debug|Any CPU
		Release|Any CPU = Release|Any CPU
	EndGlobalSection
	GlobalSection(ProjectConfigurationPlatforms) = postSolution
		{8D29ADF4-64EA-4AEA-9131-A525686BFC29}.Debug|Any CPU.ActiveCfg = Debug|Any CPU
		{8D29ADF4-64EA-4AEA-9131-A525686BFC29}.Debug|Any CPU.Build.0 = Debug|Any CPU
		{8D29ADF4-64EA-4AEA-9131-A525686BFC29}.Release|Any CPU.ActiveCfg = Release|Any CPU
		{8D29ADF4-64EA-4AEA-9131-A525686BFC29}.Release|Any CPU.Build.0 = Release|Any CPU
		{E79BC828-AD09-4E67-8FED-17A3AAF7C44F}.Debug|Any CPU.ActiveCfg = Debug|Any CPU
		{E79BC828-AD09-4E67-8FED-17A3AAF7C44F}.Debug|Any CPU.Build.0 = Debug|Any CPU
		{E79BC828-AD09-4E67-8FED-17A3AAF7C44F}.Release|Any CPU.ActiveCfg = Release|Any CPU
		{E79BC828-AD09-4E67-8FED-17A3AAF7C44F}.Release|Any CPU.Build.0 = Release|Any CPU
		{BB74E311-8816-40B4-BEB7-809E44099E66}.Debug|Any CPU.ActiveCfg = Debug|Any CPU
		{BB74E311-8816-40B4-BEB7-809E44099E66}.Debug|Any CPU.Build.0 = Debug|Any CPU
		{BB74E311-8816-40B4-BEB7-809E44099E66}.Release|Any CPU.ActiveCfg = Release|Any CPU
		{BB74E311-8816-40B4-BEB7-809E44099E66}.Release|Any CPU.Build.0 = Release|Any CPU
	EndGlobalSection
	GlobalSection(SolutionProperties) = preSolution
		HideSolutionNode = FALSE
	EndGlobalSection
	GlobalSection(ExtensibilityGlobals) = postSolution
		SolutionGuid = {8C759D2F-2729-4BC8-8349-F4865635019F}
	EndGlobalSection
EndGlobal
